
Microsoft Visual Studio Solution File, Format Version 12.00
# Visual Studio Version 16
VisualStudioVersion = 16.0.28803.352
MinimumVisualStudioVersion = 10.0.40219.1
Project("{9A19103F-16F7-4668-BE54-9A1E7A4F7556}") = "Evernote", "Evernote\Evernote.csproj", "{BD4E5BEB-E9B2-4E71-B6A7-5692E9F9CFF2}"
EndProject
Global
	GlobalSection(SolutionConfigurationPlatforms) = preSolution
		Debug|Any CPU = Debug|Any CPU
		Release|Any CPU = Release|Any CPU
	EndGlobalSection
	GlobalSection(ProjectConfigurationPlatforms) = postSolution
		{BD4E5BEB-E9B2-4E71-B6A7-5692E9F9CFF2}.Debug|Any CPU.ActiveCfg = Debug|Any CPU
		{BD4E5BEB-E9B2-4E71-B6A7-5692E9F9CFF2}.Debug|Any CPU.Build.0 = Debug|Any CPU
		{BD4E5BEB-E9B2-4E71-B6A7-5692E9F9CFF2}.Release|Any CPU.ActiveCfg = Release|Any CPU
		{BD4E5BEB-E9B2-4E71-B6A7-5692E9F9CFF2}.Release|Any CPU.Build.0 = Release|Any CPU
	EndGlobalSection
	GlobalSection(SolutionProperties) = preSolution
		HideSolutionNode = FALSE
	EndGlobalSection
	GlobalSection(ExtensibilityGlobals) = postSolution
		SolutionGuid = {4D0BCCE0-7C8D-4707-870E-06A2C21355D6}
	EndGlobalSection
EndGlobal
